
Microsoft Visual Studio Solution File, Format Version 12.00
# Visual Studio Version 17
VisualStudioVersion = 17.6.33723.286
MinimumVisualStudioVersion = 10.0.40219.1
Project("{FAE04EC0-301F-11D3-BF4B-00C04F79EFBC}") = "AcademiaAtos_Conteudo_Api", "AcademiaAtos_Conteudo_Api\AcademiaAtos_Conteudo_Api.csproj", "{1052A811-0C2F-44B7-BC6D-AFE33EE6C22B}"
EndProject
Global
	GlobalSection(SolutionConfigurationPlatforms) = preSolution
		Debug|Any CPU = Debug|Any CPU
		Release|Any CPU = Release|Any CPU
	EndGlobalSection
	GlobalSection(ProjectConfigurationPlatforms) = postSolution
		{1052A811-0C2F-44B7-BC6D-AFE33EE6C22B}.Debug|Any CPU.ActiveCfg = Debug|Any CPU
		{1052A811-0C2F-44B7-BC6D-AFE33EE6C22B}.Debug|Any CPU.Build.0 = Debug|Any CPU
		{1052A811-0C2F-44B7-BC6D-AFE33EE6C22B}.Release|Any CPU.ActiveCfg = Release|Any CPU
		{1052A811-0C2F-44B7-BC6D-AFE33EE6C22B}.Release|Any CPU.Build.0 = Release|Any CPU
	EndGlobalSection
	GlobalSection(SolutionProperties) = preSolution
		HideSolutionNode = FALSE
	EndGlobalSection
	GlobalSection(ExtensibilityGlobals) = postSolution
		SolutionGuid = {62D430FE-1612-4282-ABFC-08465ADC5E90}
	EndGlobalSection
EndGlobal
